# This file is generated by running "yarn install" inside your project.
# Manual changes might be lost - proceed with caution!

__metadata:
  version: 8
  cacheKey: 10

"@h3poteto/tauri-snap-packager@workspace:.":
  version: 0.0.0-use.local
  resolution: "@h3poteto/tauri-snap-packager@workspace:."
  dependencies:
    "@types/js-yaml": "npm:^4.0.1"
    "@types/node": "npm:^20.11.16"
    js-yaml: "npm:^4.1.0"
    typescript: "npm:^5.3.3"
  bin:
    tauri-snap-packager: scripts/build.js
  languageName: unknown
  linkType: soft

"@types/js-yaml@npm:^4.0.1":
  version: 4.0.9
  resolution: "@types/js-yaml@npm:4.0.9"
  checksum: 8/e5e5e49b5789a29fdb1f7d204f82de11cb9e8f6cb24ab064c616da5d6e1b3ccfbf95aa5d1498a9fbd3b9e745564e69b4a20b6c530b5a8bbb2d4eb830cda9bc69
  languageName: node
  linkType: hard

"@types/node@npm:^20.11.16":
  version: 20.11.16
  resolution: "@types/node@npm:20.11.16"
  dependencies:
    undici-types: "npm:~5.26.4"
  checksum: 8/51f0831c1219bf4698e7430aeb9892237bd851deeb25ce23c5bb0ceefcc77c3b114e48f4e98d9fc26def5a87ba9d8079f0281dd37bee691140a93f133812c152
  languageName: node
  linkType: hard

"argparse@npm:^2.0.1":
  version: 2.0.1
  resolution: "argparse@npm:2.0.1"
  checksum: 8/83644b56493e89a254bae05702abf3a1101b4fa4d0ca31df1c9985275a5a5bd47b3c27b7fa0b71098d41114d8ca000e6ed90cad764b306f8a503665e4d517ced
  languageName: node
  linkType: hard

"js-yaml@npm:^4.1.0":
  version: 4.1.0
  resolution: "js-yaml@npm:4.1.0"
  dependencies:
    argparse: "npm:^2.0.1"
  bin:
    js-yaml: bin/js-yaml.js
  checksum: 8/c7830dfd456c3ef2c6e355cc5a92e6700ceafa1d14bba54497b34a99f0376cecbb3e9ac14d3e5849b426d5a5140709a66237a8c991c675431271c4ce5504151a
  languageName: node
  linkType: hard

"typescript@npm:^5.3.3":
  version: 5.3.3
  resolution: "typescript@npm:5.3.3"
  bin:
    tsc: bin/tsc
    tsserver: bin/tsserver
  checksum: 8/2007ccb6e51bbbf6fde0a78099efe04dc1c3dfbdff04ca3b6a8bc717991862b39fd6126c0c3ebf2d2d98ac5e960bcaa873826bb2bb241f14277034148f41f6a2
  languageName: node
  linkType: hard

"typescript@patch:typescript@npm%3A^5.3.3#optional!builtin<compat/typescript>":
  version: 5.3.3
  resolution: "typescript@patch:typescript@npm%3A5.3.3#optional!builtin<compat/typescript>::version=5.3.3&hash=e012d7"
  bin:
    tsc: bin/tsc
    tsserver: bin/tsserver
  checksum: 10/c93786fcc9a70718ba1e3819bab56064ead5817004d1b8186f8ca66165f3a2d0100fee91fa64c840dcd45f994ca5d615d8e1f566d39a7470fc1e014dbb4cf15d
  languageName: node
  linkType: hard

"undici-types@npm:~5.26.4":
  version: 5.26.5
  resolution: "undici-types@npm:5.26.5"
  checksum: 8/3192ef6f3fd5df652f2dc1cd782b49d6ff14dc98e5dced492aa8a8c65425227da5da6aafe22523c67f035a272c599bb89cfe803c1db6311e44bed3042fc25487
  languageName: node
  linkType: hard
